
Microsoft Visual Studio Solution File, Format Version 12.00
# Visual Studio Version 16
VisualStudioVersion = 16.0.36227.6
MinimumVisualStudioVersion = 10.0.40219.1
Project("{888888A0-9F3D-457C-B088-3A5042F75D52}") = "Credit", "Credit\Credit.pyproj", "{839F4A18-37EB-4832-90A6-76E7A991ACD2}"
EndProject
Global
	GlobalSection(SolutionConfigurationPlatforms) = preSolution
		Debug|Any CPU = Debug|Any CPU
		Release|Any CPU = Release|Any CPU
	EndGlobalSection
	GlobalSection(ProjectConfigurationPlatforms) = postSolution
		{839F4A18-37EB-4832-90A6-76E7A991ACD2}.Debug|Any CPU.ActiveCfg = Debug|Any CPU
		{839F4A18-37EB-4832-90A6-76E7A991ACD2}.Release|Any CPU.ActiveCfg = Release|Any CPU
	EndGlobalSection
	GlobalSection(SolutionProperties) = preSolution
		HideSolutionNode = FALSE
	EndGlobalSection
	GlobalSection(ExtensibilityGlobals) = postSolution
		SolutionGuid = {ED885EB9-7113-4972-8D38-94F09CD472C6}
	EndGlobalSection
EndGlobal
