
Microsoft Visual Studio Solution File, Format Version 12.00
# Visual Studio Version 16
VisualStudioVersion = 16.0.36227.6
MinimumVisualStudioVersion = 10.0.40219.1
Project("{888888A0-9F3D-457C-B088-3A5042F75D52}") = "Guess", "Guess\Guess.pyproj", "{535BB133-5E3E-48CE-B1AF-9B60247500DC}"
EndProject
Global
	GlobalSection(SolutionConfigurationPlatforms) = preSolution
		Debug|Any CPU = Debug|Any CPU
		Release|Any CPU = Release|Any CPU
	EndGlobalSection
	GlobalSection(ProjectConfigurationPlatforms) = postSolution
		{535BB133-5E3E-48CE-B1AF-9B60247500DC}.Debug|Any CPU.ActiveCfg = Debug|Any CPU
		{535BB133-5E3E-48CE-B1AF-9B60247500DC}.Release|Any CPU.ActiveCfg = Release|Any CPU
	EndGlobalSection
	GlobalSection(SolutionProperties) = preSolution
		HideSolutionNode = FALSE
	EndGlobalSection
	GlobalSection(ExtensibilityGlobals) = postSolution
		SolutionGuid = {3F43D892-C3A1-4359-A7BA-F8142415A155}
	EndGlobalSection
EndGlobal
